
Microsoft Visual Studio Solution File, Format Version 12.00
# Visual Studio 15
VisualStudioVersion = 15.0.28010.2003
MinimumVisualStudioVersion = 10.0.40219.1
Project("{FAE04EC0-301F-11D3-BF4B-00C04F79EFBC}") = "WattsALoan3", "WattsALoan3\WattsALoan3.csproj", "{3CADB133-2451-4D01-90F1-DDF16EB684DF}"
EndProject
Global
	GlobalSection(SolutionConfigurationPlatforms) = preSolution
		Debug|Any CPU = Debug|Any CPU
		Release|Any CPU = Release|Any CPU
	EndGlobalSection
	GlobalSection(ProjectConfigurationPlatforms) = postSolution
		{3CADB133-2451-4D01-90F1-DDF16EB684DF}.Debug|Any CPU.ActiveCfg = Debug|Any CPU
		{3CADB133-2451-4D01-90F1-DDF16EB684DF}.Debug|Any CPU.Build.0 = Debug|Any CPU
		{3CADB133-2451-4D01-90F1-DDF16EB684DF}.Release|Any CPU.ActiveCfg = Release|Any CPU
		{3CADB133-2451-4D01-90F1-DDF16EB684DF}.Release|Any CPU.Build.0 = Release|Any CPU
	EndGlobalSection
	GlobalSection(SolutionProperties) = preSolution
		HideSolutionNode = FALSE
	EndGlobalSection
	GlobalSection(ExtensibilityGlobals) = postSolution
		SolutionGuid = {0096DB6C-1D50-44CD-BD11-225A69DE373D}
	EndGlobalSection
EndGlobal
